
Microsoft Visual Studio Solution File, Format Version 12.00
# Visual Studio Version 16
VisualStudioVersion = 16.0.30330.147
MinimumVisualStudioVersion = 10.0.40219.1
Project("{FAE04EC0-301F-11D3-BF4B-00C04F79EFBC}") = "Brickwork", "Brickwork\Brickwork.csproj", "{DEC7016E-B279-4544-A7EF-96B26FD229AB}"
EndProject
Global
	GlobalSection(SolutionConfigurationPlatforms) = preSolution
		Debug|Any CPU = Debug|Any CPU
		Release|Any CPU = Release|Any CPU
	EndGlobalSection
	GlobalSection(ProjectConfigurationPlatforms) = postSolution
		{DEC7016E-B279-4544-A7EF-96B26FD229AB}.Debug|Any CPU.ActiveCfg = Debug|Any CPU
		{DEC7016E-B279-4544-A7EF-96B26FD229AB}.Debug|Any CPU.Build.0 = Debug|Any CPU
		{DEC7016E-B279-4544-A7EF-96B26FD229AB}.Release|Any CPU.ActiveCfg = Release|Any CPU
		{DEC7016E-B279-4544-A7EF-96B26FD229AB}.Release|Any CPU.Build.0 = Release|Any CPU
	EndGlobalSection
	GlobalSection(SolutionProperties) = preSolution
		HideSolutionNode = FALSE
	EndGlobalSection
	GlobalSection(ExtensibilityGlobals) = postSolution
		SolutionGuid = {C0927466-4DEB-47DF-9EEC-C5E1391FE784}
	EndGlobalSection
EndGlobal
